
Microsoft Visual Studio Solution File, Format Version 12.00
# Visual Studio Version 16
VisualStudioVersion = 16.0.29905.134
MinimumVisualStudioVersion = 10.0.40219.1
Project("{FAE04EC0-301F-11D3-BF4B-00C04F79EFBC}") = "CursoClasse", "CursoClasse\CursoClasse.csproj", "{1BBB8316-B913-4D0D-ACDD-8F5B4653606D}"
EndProject
Global
	GlobalSection(SolutionConfigurationPlatforms) = preSolution
		Debug|Any CPU = Debug|Any CPU
		Release|Any CPU = Release|Any CPU
	EndGlobalSection
	GlobalSection(ProjectConfigurationPlatforms) = postSolution
		{1BBB8316-B913-4D0D-ACDD-8F5B4653606D}.Debug|Any CPU.ActiveCfg = Debug|Any CPU
		{1BBB8316-B913-4D0D-ACDD-8F5B4653606D}.Debug|Any CPU.Build.0 = Debug|Any CPU
		{1BBB8316-B913-4D0D-ACDD-8F5B4653606D}.Release|Any CPU.ActiveCfg = Release|Any CPU
		{1BBB8316-B913-4D0D-ACDD-8F5B4653606D}.Release|Any CPU.Build.0 = Release|Any CPU
	EndGlobalSection
	GlobalSection(SolutionProperties) = preSolution
		HideSolutionNode = FALSE
	EndGlobalSection
	GlobalSection(ExtensibilityGlobals) = postSolution
		SolutionGuid = {14D9DC1B-1234-4211-AA7B-71D9430DA4ED}
	EndGlobalSection
EndGlobal
